
Microsoft Visual Studio Solution File, Format Version 12.00
# Visual Studio Version 16
VisualStudioVersion = 16.0.32510.428
MinimumVisualStudioVersion = 10.0.40219.1
Project("{FAE04EC0-301F-11D3-BF4B-00C04F79EFBC}") = "syst_zarzad_rest", "syst_zarzad_rest\syst_zarzad_rest.csproj", "{8451007A-CB50-4D6D-8E53-426CA8054AC5}"
EndProject
Global
	GlobalSection(SolutionConfigurationPlatforms) = preSolution
		Debug|Any CPU = Debug|Any CPU
		Release|Any CPU = Release|Any CPU
	EndGlobalSection
	GlobalSection(ProjectConfigurationPlatforms) = postSolution
		{8451007A-CB50-4D6D-8E53-426CA8054AC5}.Debug|Any CPU.ActiveCfg = Debug|Any CPU
		{8451007A-CB50-4D6D-8E53-426CA8054AC5}.Debug|Any CPU.Build.0 = Debug|Any CPU
		{8451007A-CB50-4D6D-8E53-426CA8054AC5}.Release|Any CPU.ActiveCfg = Release|Any CPU
		{8451007A-CB50-4D6D-8E53-426CA8054AC5}.Release|Any CPU.Build.0 = Release|Any CPU
	EndGlobalSection
	GlobalSection(SolutionProperties) = preSolution
		HideSolutionNode = FALSE
	EndGlobalSection
	GlobalSection(ExtensibilityGlobals) = postSolution
		SolutionGuid = {7DBE1524-D51D-43B2-BA12-D6FAFA4D452D}
	EndGlobalSection
EndGlobal
